
Microsoft Visual Studio Solution File, Format Version 12.00
# Visual Studio Version 17
VisualStudioVersion = 17.0.32014.148
MinimumVisualStudioVersion = 10.0.40219.1
Project("{8BC9CEB8-8B4A-11D0-8D11-00A0C91BC942}") = "Project1", "Project1.vcxproj", "{C1335ABB-17A7-4371-A749-42D9F874A775}"
EndProject
Global
	GlobalSection(SolutionConfigurationPlatforms) = preSolution
		Debug|x64 = Debug|x64
		Debug|x86 = Debug|x86
		Release|x64 = Release|x64
		Release|x86 = Release|x86
	EndGlobalSection
	GlobalSection(ProjectConfigurationPlatforms) = postSolution
		{C1335ABB-17A7-4371-A749-42D9F874A775}.Debug|x64.ActiveCfg = Debug|x64
		{C1335ABB-17A7-4371-A749-42D9F874A775}.Debug|x64.Build.0 = Debug|x64
		{C1335ABB-17A7-4371-A749-42D9F874A775}.Debug|x86.ActiveCfg = Debug|Win32
		{C1335ABB-17A7-4371-A749-42D9F874A775}.Debug|x86.Build.0 = Debug|Win32
		{C1335ABB-17A7-4371-A749-42D9F874A775}.Release|x64.ActiveCfg = Release|x64
		{C1335ABB-17A7-4371-A749-42D9F874A775}.Release|x64.Build.0 = Release|x64
		{C1335ABB-17A7-4371-A749-42D9F874A775}.Release|x86.ActiveCfg = Release|Win32
		{C1335ABB-17A7-4371-A749-42D9F874A775}.Release|x86.Build.0 = Release|Win32
	EndGlobalSection
	GlobalSection(SolutionProperties) = preSolution
		HideSolutionNode = FALSE
	EndGlobalSection
	GlobalSection(ExtensibilityGlobals) = postSolution
		SolutionGuid = {FEED4D7C-9DD6-4608-9E80-8489809206D9}
	EndGlobalSection
EndGlobal
